<?xml version="1.0" encoding="utf-8"?>
<Project ToolsVersion="4.0" xmlns="http://schemas.microsoft.com/developer/msbuild/2003">
  <ItemGroup>
    <Filter Include="ソース ファイル">
      <UniqueIdentifier>{4FC737F1-C7A5-4376-A066-2A32D752A2FF}</UniqueIdentifier>
      <Extensions>cpp;c;cc;cxx;def;odl;idl;hpj;bat;asm;asmx</Extensions>
    </Filter>
    <Filter Include="ソース ファイル\Blur">
      <UniqueIdentifier>{ed54d6d6-27bc-45f0-a8a5-fed87eae9b45}</UniqueIdentifier>
    </Filter>
    <Filter Include="ソース ファイル\Boss">
      <UniqueIdentifier>{e1533dc8-1f76-4ce3-97ec-5b17f50b768d}</UniqueIdentifier>
    </Filter>
    <Filter Include="ソース ファイル\Camera">
      <UniqueIdentifier>{efb45ebf-33c7-4ae2-877e-da02c6d2ccf8}</UniqueIdentifier>
    </Filter>
    <Filter Include="ソース ファイル\Effect">
      <UniqueIdentifier>{5576df73-fb0e-4f92-9db2-9ebbf21589e9}</UniqueIdentifier>
    </Filter>
    <Filter Include="ソース ファイル\Imgui">
      <UniqueIdentifier>{40a597ca-2234-40a1-9fd6-827241059c78}</UniqueIdentifier>
    </Filter>
    <Filter Include="ソース ファイル\KMlib">
      <UniqueIdentifier>{3c4d42a0-6ad7-4988-abc4-b6aa741d5fc9}</UniqueIdentifier>
    </Filter>
    <Filter Include="ソース ファイル\Light">
      <UniqueIdentifier>{49e8fa08-1866-443f-8aed-882f88c2d5c7}</UniqueIdentifier>
    </Filter>
    <Filter Include="ソース ファイル\Main">
      <UniqueIdentifier>{59f004b7-e762-4adf-a463-5626679a41a0}</UniqueIdentifier>
    </Filter>
    <Filter Include="ソース ファイル\Manager">
      <UniqueIdentifier>{f7e89d5b-966d-4498-b144-05206a6fa3d7}</UniqueIdentifier>
    </Filter>
    <Filter Include="ソース ファイル\Object">
      <UniqueIdentifier>{91af99bd-0fdb-4c82-ac9a-1083cef981ea}</UniqueIdentifier>
    </Filter>
    <Filter Include="ソース ファイル\Player">
      <UniqueIdentifier>{162bdb0f-cc33-4b38-897e-95c3b5c3bd9d}</UniqueIdentifier>
    </Filter>
    <Filter Include="ソース ファイル\Renderer">
      <UniqueIdentifier>{34dbb491-e479-45b1-9411-a21aa30fa020}</UniqueIdentifier>
    </Filter>
    <Filter Include="ソース ファイル\Scene">
      <UniqueIdentifier>{0a16087e-e9ce-44b7-be9f-6eee9a74bdf8}</UniqueIdentifier>
    </Filter>
    <Filter Include="ソース ファイル\Texture">
      <UniqueIdentifier>{8e55ad10-e7b1-4af5-9713-7b2f2f7bee9f}</UniqueIdentifier>
    </Filter>
    <Filter Include="ソース ファイル\Input">
      <UniqueIdentifier>{a4cbff35-c241-4e21-bb17-892286c6a860}</UniqueIdentifier>
    </Filter>
    <Filter Include="ソース ファイル\Shader">
      <UniqueIdentifier>{a2a0bbbc-9948-4ec4-8691-47aa524c99dd}</UniqueIdentifier>
    </Filter>
  </ItemGroup>
  <ItemGroup>
    <ClCompile Include="SourceCode\Blur\blur.cpp">
      <Filter>ソース ファイル\Blur</Filter>
    </ClCompile>
    <ClCompile Include="SourceCode\Imgui\imgui_demo.cpp">
      <Filter>ソース ファイル\Imgui</Filter>
    </ClCompile>
    <ClCompile Include="SourceCode\Imgui\imgui_draw.cpp">
      <Filter>ソース ファイル\Imgui</Filter>
    </ClCompile>
    <ClCompile Include="SourceCode\Imgui\imgui_impl_dx9.cpp">
      <Filter>ソース ファイル\Imgui</Filter>
    </ClCompile>
    <ClCompile Include="SourceCode\Imgui\imgui.cpp">
      <Filter>ソース ファイル\Imgui</Filter>
    </ClCompile>
    <ClCompile Include="SourceCode\Boss\boss.cpp">
      <Filter>ソース ファイル\Boss</Filter>
    </ClCompile>
    <ClCompile Include="SourceCode\Camera\tpscamera.cpp">
      <Filter>ソース ファイル\Camera</Filter>
    </ClCompile>
    <ClCompile Include="SourceCode\Camera\camera.cpp">
      <Filter>ソース ファイル\Camera</Filter>
    </ClCompile>
    <ClCompile Include="SourceCode\Effect\effect.cpp">
      <Filter>ソース ファイル\Effect</Filter>
    </ClCompile>
    <ClCompile Include="SourceCode\Input\dxinput.cpp">
      <Filter>ソース ファイル\Input</Filter>
    </ClCompile>
    <ClCompile Include="SourceCode\Input\input.cpp">
      <Filter>ソース ファイル\Input</Filter>
    </ClCompile>
    <ClCompile Include="SourceCode\KMlib\KM_Math.cpp">
      <Filter>ソース ファイル\KMlib</Filter>
    </ClCompile>
    <ClCompile Include="SourceCode\Light\light.cpp">
      <Filter>ソース ファイル\Light</Filter>
    </ClCompile>
    <ClCompile Include="SourceCode\Main\main.cpp">
      <Filter>ソース ファイル\Main</Filter>
    </ClCompile>
    <ClCompile Include="SourceCode\Manager\manager.cpp">
      <Filter>ソース ファイル\Manager</Filter>
    </ClCompile>
    <ClCompile Include="SourceCode\Object\object3dpolygon.cpp">
      <Filter>ソース ファイル\Object</Filter>
    </ClCompile>
    <ClCompile Include="SourceCode\Object\objectattractionparticle.cpp">
      <Filter>ソース ファイル\Object</Filter>
    </ClCompile>
    <ClCompile Include="SourceCode\Object\objectparticle.cpp">
      <Filter>ソース ファイル\Object</Filter>
    </ClCompile>
    <ClCompile Include="SourceCode\Object\objectstencilshadow.cpp">
      <Filter>ソース ファイル\Object</Filter>
    </ClCompile>
    <ClCompile Include="SourceCode\Object\objectXModel.cpp">
      <Filter>ソース ファイル\Object</Filter>
    </ClCompile>
    <ClCompile Include="SourceCode\Object\object.cpp">
      <Filter>ソース ファイル\Object</Filter>
    </ClCompile>
    <ClCompile Include="SourceCode\Object\object2dpolygon.cpp">
      <Filter>ソース ファイル\Object</Filter>
    </ClCompile>
    <ClCompile Include="SourceCode\Player\player.cpp">
      <Filter>ソース ファイル\Player</Filter>
    </ClCompile>
    <ClCompile Include="SourceCode\Renderer\renderer.cpp">
      <Filter>ソース ファイル\Renderer</Filter>
    </ClCompile>
    <ClCompile Include="SourceCode\Scene\scene.cpp">
      <Filter>ソース ファイル\Scene</Filter>
    </ClCompile>
    <ClCompile Include="SourceCode\Scene\gamestage.cpp">
      <Filter>ソース ファイル\Scene</Filter>
    </ClCompile>
    <ClCompile Include="SourceCode\Texture\texture.cpp">
      <Filter>ソース ファイル\Texture</Filter>
    </ClCompile>
    <ClCompile Include="SourceCode\Scene\testscene.cpp">
      <Filter>ソース ファイル\Scene</Filter>
    </ClCompile>
  </ItemGroup>
  <ItemGroup>
    <ClInclude Include="SourceCode\Blur\blur.h">
      <Filter>ソース ファイル\Blur</Filter>
    </ClInclude>
    <ClInclude Include="SourceCode\Imgui\imgui_impl_dx9.h">
      <Filter>ソース ファイル\Imgui</Filter>
    </ClInclude>
    <ClInclude Include="SourceCode\Imgui\imgui_internal.h">
      <Filter>ソース ファイル\Imgui</Filter>
    </ClInclude>
    <ClInclude Include="SourceCode\Imgui\stb_rect_pack.h">
      <Filter>ソース ファイル\Imgui</Filter>
    </ClInclude>
    <ClInclude Include="SourceCode\Imgui\stb_textedit.h">
      <Filter>ソース ファイル\Imgui</Filter>
    </ClInclude>
    <ClInclude Include="SourceCode\Imgui\stb_truetype.h">
      <Filter>ソース ファイル\Imgui</Filter>
    </ClInclude>
    <ClInclude Include="SourceCode\Imgui\imconfig.h">
      <Filter>ソース ファイル\Imgui</Filter>
    </ClInclude>
    <ClInclude Include="SourceCode\Imgui\imgui.h">
      <Filter>ソース ファイル\Imgui</Filter>
    </ClInclude>
    <ClInclude Include="SourceCode\Boss\boss.h">
      <Filter>ソース ファイル\Boss</Filter>
    </ClInclude>
    <ClInclude Include="SourceCode\Camera\camera.h">
      <Filter>ソース ファイル\Camera</Filter>
    </ClInclude>
    <ClInclude Include="SourceCode\Camera\tpscamera.h">
      <Filter>ソース ファイル\Camera</Filter>
    </ClInclude>
    <ClInclude Include="SourceCode\Effect\effect.h">
      <Filter>ソース ファイル\Effect</Filter>
    </ClInclude>
    <ClInclude Include="SourceCode\Input\dxinput.h">
      <Filter>ソース ファイル\Input</Filter>
    </ClInclude>
    <ClInclude Include="SourceCode\Input\input.h">
      <Filter>ソース ファイル\Input</Filter>
    </ClInclude>
    <ClInclude Include="SourceCode\KMlib\KM_Math.h">
      <Filter>ソース ファイル\KMlib</Filter>
    </ClInclude>
    <ClInclude Include="SourceCode\Light\light.h">
      <Filter>ソース ファイル\Light</Filter>
    </ClInclude>
    <ClInclude Include="SourceCode\Main\main.h">
      <Filter>ソース ファイル\Main</Filter>
    </ClInclude>
    <ClInclude Include="SourceCode\Manager\manager.h">
      <Filter>ソース ファイル\Manager</Filter>
    </ClInclude>
    <ClInclude Include="SourceCode\Object\object2dpolygon.h">
      <Filter>ソース ファイル\Object</Filter>
    </ClInclude>
    <ClInclude Include="SourceCode\Object\object3dpolygon.h">
      <Filter>ソース ファイル\Object</Filter>
    </ClInclude>
    <ClInclude Include="SourceCode\Object\objectattractionparticle.h">
      <Filter>ソース ファイル\Object</Filter>
    </ClInclude>
    <ClInclude Include="SourceCode\Object\objectparticle.h">
      <Filter>ソース ファイル\Object</Filter>
    </ClInclude>
    <ClInclude Include="SourceCode\Object\objectstencilshadow.h">
      <Filter>ソース ファイル\Object</Filter>
    </ClInclude>
    <ClInclude Include="SourceCode\Object\objectXModel.h">
      <Filter>ソース ファイル\Object</Filter>
    </ClInclude>
    <ClInclude Include="SourceCode\Object\object.h">
      <Filter>ソース ファイル\Object</Filter>
    </ClInclude>
    <ClInclude Include="SourceCode\Player\player.h">
      <Filter>ソース ファイル\Player</Filter>
    </ClInclude>
    <ClInclude Include="SourceCode\Renderer\renderer.h">
      <Filter>ソース ファイル\Renderer</Filter>
    </ClInclude>
    <ClInclude Include="SourceCode\Scene\scene.h">
      <Filter>ソース ファイル\Scene</Filter>
    </ClInclude>
    <ClInclude Include="SourceCode\Scene\gamestage.h">
      <Filter>ソース ファイル\Scene</Filter>
    </ClInclude>
    <ClInclude Include="SourceCode\Texture\texture.h">
      <Filter>ソース ファイル\Texture</Filter>
    </ClInclude>
    <ClInclude Include="SourceCode\Scene\testscene.h">
      <Filter>ソース ファイル\Scene</Filter>
    </ClInclude>
  </ItemGroup>
  <ItemGroup>
    <None Include="data\Shader\AttractionParticleShader.fx">
      <Filter>ソース ファイル\Shader</Filter>
    </None>
    <None Include="data\Shader\BasicShader.fx">
      <Filter>ソース ファイル\Shader</Filter>
    </None>
    <None Include="data\Shader\ParticleShader.fx">
      <Filter>ソース ファイル\Shader</Filter>
    </None>
  </ItemGroup>
</Project>