<?xml version="1.0" encoding="utf-8"?>
<Project ToolsVersion="4.0" xmlns="http://schemas.microsoft.com/developer/msbuild/2003">
  <ItemGroup>
    <Filter Include="ソース ファイル">
      <UniqueIdentifier>{4FC737F1-C7A5-4376-A066-2A32D752A2FF}</UniqueIdentifier>
      <Extensions>cpp;c;cc;cxx;def;odl;idl;hpj;bat;asm;asmx</Extensions>
    </Filter>
    <Filter Include="ヘッダー ファイル">
      <UniqueIdentifier>{93995380-89BD-4b04-88EB-625FBE52EBFB}</UniqueIdentifier>
      <Extensions>h;hh;hpp;hxx;hm;inl;inc;xsd</Extensions>
    </Filter>
    <Filter Include="リソース ファイル">
      <UniqueIdentifier>{67DA6AB6-F800-4c08-8B7A-83BB121AAD01}</UniqueIdentifier>
      <Extensions>rc;ico;cur;bmp;dlg;rc2;rct;bin;rgs;gif;jpg;jpeg;jpe;resx;tiff;tif;png;wav;mfcribbon-ms</Extensions>
    </Filter>
    <Filter Include="ソース ファイル\Main">
      <UniqueIdentifier>{81bb22da-230b-4a7c-99bf-82dcc1d72e3f}</UniqueIdentifier>
    </Filter>
    <Filter Include="ヘッダー ファイル\Main">
      <UniqueIdentifier>{7762e768-c518-47c2-810f-9b47c673673c}</UniqueIdentifier>
    </Filter>
    <Filter Include="ヘッダー ファイル\Renderer">
      <UniqueIdentifier>{aafda844-39a9-43b5-8a29-9b5ff31f0e73}</UniqueIdentifier>
    </Filter>
    <Filter Include="ソース ファイル\Renderer">
      <UniqueIdentifier>{3836135a-5986-4ee2-9ee2-e60dca2617d2}</UniqueIdentifier>
    </Filter>
    <Filter Include="ソース ファイル\KumaLib">
      <UniqueIdentifier>{a1ea7a44-6c30-40fd-9a0a-04fcd15c2d5c}</UniqueIdentifier>
    </Filter>
    <Filter Include="ヘッダー ファイル\KumaLib">
      <UniqueIdentifier>{b204c583-2ce4-4ded-af4a-c3eea1dd1e5c}</UniqueIdentifier>
    </Filter>
    <Filter Include="ヘッダー ファイル\Object">
      <UniqueIdentifier>{8bf5b44f-2e3e-48f7-a4b9-44e0bbd4b9a2}</UniqueIdentifier>
    </Filter>
    <Filter Include="ソース ファイル\Object">
      <UniqueIdentifier>{4337a443-4a58-4ef5-b42f-0cb1de28ca50}</UniqueIdentifier>
    </Filter>
    <Filter Include="ソース ファイル\Input">
      <UniqueIdentifier>{44f97e44-5277-4d12-82af-cd41b143732e}</UniqueIdentifier>
    </Filter>
    <Filter Include="ヘッダー ファイル\Input">
      <UniqueIdentifier>{4bc70cfb-f14a-4b26-95a3-a6d5ce028ef7}</UniqueIdentifier>
    </Filter>
    <Filter Include="ヘッダー ファイル\Scenes">
      <UniqueIdentifier>{795cd1d7-2972-4963-a323-c4362fb724cf}</UniqueIdentifier>
    </Filter>
    <Filter Include="ソース ファイル\Scenes">
      <UniqueIdentifier>{00969313-768b-448f-a921-8957f705260b}</UniqueIdentifier>
    </Filter>
    <Filter Include="ヘッダー ファイル\Camera">
      <UniqueIdentifier>{10057691-3a0d-40c1-b559-4870e58b4a0b}</UniqueIdentifier>
    </Filter>
    <Filter Include="ソース ファイル\Camera">
      <UniqueIdentifier>{54d0a1cc-20b3-4e1c-9ff0-62412af80ae2}</UniqueIdentifier>
    </Filter>
    <Filter Include="ヘッダー ファイル\Shader">
      <UniqueIdentifier>{eab877dd-d7b6-44b8-b347-c3ed3561057a}</UniqueIdentifier>
    </Filter>
    <Filter Include="ソース ファイル\Shader">
      <UniqueIdentifier>{4e96f467-744d-473b-a060-9be470d868bf}</UniqueIdentifier>
    </Filter>
    <Filter Include="ヘッダー ファイル\ImGui">
      <UniqueIdentifier>{1f526a4f-fdc8-49bb-930e-4b53e68aa881}</UniqueIdentifier>
    </Filter>
    <Filter Include="ソース ファイル\ImGui">
      <UniqueIdentifier>{9b73c153-208b-465f-a03c-9329d1ff2f23}</UniqueIdentifier>
    </Filter>
    <Filter Include="ソース ファイル\Kadai">
      <UniqueIdentifier>{e9f51de1-37c0-42b2-8ef4-0863c31aceb4}</UniqueIdentifier>
    </Filter>
    <Filter Include="ヘッダー ファイル\Kadai">
      <UniqueIdentifier>{0091cdef-2277-4e55-a1a9-67655e72ddce}</UniqueIdentifier>
    </Filter>
    <Filter Include="ヘッダー ファイル\Player">
      <UniqueIdentifier>{f4750775-09fc-4af3-a3f2-5abc324bb9da}</UniqueIdentifier>
    </Filter>
    <Filter Include="ソース ファイル\Player">
      <UniqueIdentifier>{df74349a-bc86-4c14-806f-4b07f71f0d3a}</UniqueIdentifier>
    </Filter>
    <Filter Include="ヘッダー ファイル\Boss">
      <UniqueIdentifier>{8c671559-1d5a-4bf9-80a5-923aee89f0c2}</UniqueIdentifier>
    </Filter>
    <Filter Include="ソース ファイル\Boss">
      <UniqueIdentifier>{dee5ed0b-34f5-4f24-99bd-224b01614773}</UniqueIdentifier>
    </Filter>
  </ItemGroup>
  <ItemGroup>
    <ClCompile Include="main.cpp">
      <Filter>ソース ファイル\Main</Filter>
    </ClCompile>
    <ClCompile Include="renderer.cpp">
      <Filter>ソース ファイル\Renderer</Filter>
    </ClCompile>
    <ClCompile Include="KMlib\KM_Logic.cpp">
      <Filter>ソース ファイル\KumaLib</Filter>
    </ClCompile>
    <ClCompile Include="KMlib\KM_Math.cpp">
      <Filter>ソース ファイル\KumaLib</Filter>
    </ClCompile>
    <ClCompile Include="object.cpp">
      <Filter>ソース ファイル\Object</Filter>
    </ClCompile>
    <ClCompile Include="object2dpolygon.cpp">
      <Filter>ソース ファイル\Object</Filter>
    </ClCompile>
    <ClCompile Include="manager.cpp">
      <Filter>ソース ファイル\Main</Filter>
    </ClCompile>
    <ClCompile Include="texture.cpp">
      <Filter>ソース ファイル\Renderer</Filter>
    </ClCompile>
    <ClCompile Include="testscene.cpp">
      <Filter>ソース ファイル\Scenes</Filter>
    </ClCompile>
    <ClCompile Include="testscene2.cpp">
      <Filter>ソース ファイル\Scenes</Filter>
    </ClCompile>
    <ClCompile Include="input.cpp">
      <Filter>ソース ファイル\Input</Filter>
    </ClCompile>
    <ClCompile Include="object3dpolygon.cpp">
      <Filter>ソース ファイル\Object</Filter>
    </ClCompile>
    <ClCompile Include="tpscamera.cpp">
      <Filter>ソース ファイル\Camera</Filter>
    </ClCompile>
    <ClCompile Include="dxinput.cpp">
      <Filter>ソース ファイル\Input</Filter>
    </ClCompile>
    <ClCompile Include="objectstencilshadow.cpp">
      <Filter>ソース ファイル\Object</Filter>
    </ClCompile>
    <ClCompile Include="blur.cpp">
      <Filter>ソース ファイル\Renderer</Filter>
    </ClCompile>
    <ClCompile Include="RenderTargetDemo.cpp">
      <Filter>ソース ファイル\Scenes</Filter>
    </ClCompile>
    <ClCompile Include="effect.cpp">
      <Filter>ソース ファイル\Shader</Filter>
    </ClCompile>
    <ClCompile Include="camera.cpp">
      <Filter>ソース ファイル\Camera</Filter>
    </ClCompile>
    <ClCompile Include="scene.cpp">
      <Filter>ソース ファイル\Scenes</Filter>
    </ClCompile>
    <ClCompile Include="imgui_impl_dx9.cpp">
      <Filter>ソース ファイル\ImGui</Filter>
    </ClCompile>
    <ClCompile Include="imgui.cpp">
      <Filter>ソース ファイル\ImGui</Filter>
    </ClCompile>
    <ClCompile Include="imgui_demo.cpp">
      <Filter>ソース ファイル\ImGui</Filter>
    </ClCompile>
    <ClCompile Include="imgui_draw.cpp">
      <Filter>ソース ファイル\ImGui</Filter>
    </ClCompile>
    <ClCompile Include="objectparticle.cpp">
      <Filter>ソース ファイル\Object</Filter>
    </ClCompile>
    <ClCompile Include="gamestage.cpp">
      <Filter>ソース ファイル\Scenes</Filter>
    </ClCompile>
    <ClCompile Include="player.cpp">
      <Filter>ソース ファイル\Player</Filter>
    </ClCompile>
    <ClCompile Include="boss.cpp">
      <Filter>ソース ファイル\Boss</Filter>
    </ClCompile>
    <ClCompile Include="objectXModel.cpp">
      <Filter>ソース ファイル\Object</Filter>
    </ClCompile>
    <ClCompile Include="light.cpp">
      <Filter>ソース ファイル\Renderer</Filter>
    </ClCompile>
  </ItemGroup>
  <ItemGroup>
    <ClInclude Include="main.h">
      <Filter>ヘッダー ファイル\Main</Filter>
    </ClInclude>
    <ClInclude Include="renderer.h">
      <Filter>ヘッダー ファイル\Renderer</Filter>
    </ClInclude>
    <ClInclude Include="KMlib\KM_Logic.h">
      <Filter>ヘッダー ファイル\KumaLib</Filter>
    </ClInclude>
    <ClInclude Include="KMlib\KM_Math.h">
      <Filter>ヘッダー ファイル\KumaLib</Filter>
    </ClInclude>
    <ClInclude Include="object.h">
      <Filter>ヘッダー ファイル\Object</Filter>
    </ClInclude>
    <ClInclude Include="object2dpolygon.h">
      <Filter>ヘッダー ファイル\Object</Filter>
    </ClInclude>
    <ClInclude Include="manager.h">
      <Filter>ヘッダー ファイル\Main</Filter>
    </ClInclude>
    <ClInclude Include="scene.h">
      <Filter>ヘッダー ファイル\Main</Filter>
    </ClInclude>
    <ClInclude Include="texture.h">
      <Filter>ヘッダー ファイル\Renderer</Filter>
    </ClInclude>
    <ClInclude Include="testscene.h">
      <Filter>ヘッダー ファイル\Scenes</Filter>
    </ClInclude>
    <ClInclude Include="includeallscenes.h">
      <Filter>ヘッダー ファイル\Scenes</Filter>
    </ClInclude>
    <ClInclude Include="testscene2.h">
      <Filter>ヘッダー ファイル\Scenes</Filter>
    </ClInclude>
    <ClInclude Include="input.h">
      <Filter>ヘッダー ファイル\Input</Filter>
    </ClInclude>
    <ClInclude Include="object3dpolygon.h">
      <Filter>ヘッダー ファイル\Object</Filter>
    </ClInclude>
    <ClInclude Include="camera.h">
      <Filter>ヘッダー ファイル\Main</Filter>
    </ClInclude>
    <ClInclude Include="tpscamera.h">
      <Filter>ヘッダー ファイル\Camera</Filter>
    </ClInclude>
    <ClInclude Include="includeallcameras.h">
      <Filter>ヘッダー ファイル\Camera</Filter>
    </ClInclude>
    <ClInclude Include="dxinput.h">
      <Filter>ヘッダー ファイル\Input</Filter>
    </ClInclude>
    <ClInclude Include="objectXModel.h">
      <Filter>ヘッダー ファイル\Object</Filter>
    </ClInclude>
    <ClInclude Include="objectstencilshadow.h">
      <Filter>ヘッダー ファイル\Object</Filter>
    </ClInclude>
    <ClInclude Include="blur.h">
      <Filter>ヘッダー ファイル\Renderer</Filter>
    </ClInclude>
    <ClInclude Include="RenderTargetDemo.h">
      <Filter>ヘッダー ファイル\Scenes</Filter>
    </ClInclude>
    <ClInclude Include="effect.h">
      <Filter>ヘッダー ファイル\Shader</Filter>
    </ClInclude>
    <ClInclude Include="imgui_impl_dx9.h">
      <Filter>ヘッダー ファイル\ImGui</Filter>
    </ClInclude>
    <ClInclude Include="stb_rect_pack.h">
      <Filter>ヘッダー ファイル\ImGui</Filter>
    </ClInclude>
    <ClInclude Include="stb_textedit.h">
      <Filter>ヘッダー ファイル\ImGui</Filter>
    </ClInclude>
    <ClInclude Include="stb_truetype.h">
      <Filter>ヘッダー ファイル\ImGui</Filter>
    </ClInclude>
    <ClInclude Include="imconfig.h">
      <Filter>ヘッダー ファイル\ImGui</Filter>
    </ClInclude>
    <ClInclude Include="imgui.h">
      <Filter>ヘッダー ファイル\ImGui</Filter>
    </ClInclude>
    <ClInclude Include="imgui_internal.h">
      <Filter>ヘッダー ファイル\ImGui</Filter>
    </ClInclude>
    <ClInclude Include="objectparticle.h">
      <Filter>ヘッダー ファイル\Object</Filter>
    </ClInclude>
    <ClInclude Include="kadaicube.h">
      <Filter>ヘッダー ファイル\Kadai</Filter>
    </ClInclude>
    <ClInclude Include="gamestage.h">
      <Filter>ヘッダー ファイル\Scenes</Filter>
    </ClInclude>
    <ClInclude Include="player.h">
      <Filter>ヘッダー ファイル\Player</Filter>
    </ClInclude>
    <ClInclude Include="boss.h">
      <Filter>ヘッダー ファイル\Boss</Filter>
    </ClInclude>
    <ClInclude Include="light.h">
      <Filter>ヘッダー ファイル\Renderer</Filter>
    </ClInclude>
  </ItemGroup>
  <ItemGroup>
    <None Include="data\Shader\BasicShader.fx">
      <Filter>ヘッダー ファイル\Shader</Filter>
    </None>
    <None Include="data\Shader\ParticleShader.fx">
      <Filter>ヘッダー ファイル\Shader</Filter>
    </None>
  </ItemGroup>
</Project>